Microsoft Visual Studio Solution File, Format Version 12.00
# Visual Studio Version 17
VisualStudioVersion = 17.2.32616.157
MinimumVisualStudioVersion = 10.0.40219.1
Project("{8BC9CEB8-8B4A-11D0-8D11-00A0C91BC942}") = "BlueSideEngine", "src\BlueSideEngine\BlueSideEngine.vcxproj", "{BBD19652-538E-4AC6-93B9-44B5060C5922}"
EndProject
Project("{8BC9CEB8-8B4A-11D0-8D11-00A0C91BC942}") = "FantasyCore", "src\FANTASYCORE\FantasyCore.vcxproj", "{D2539204-1815-4AF6-8606-A6DBF1AF7E0B}"
	ProjectSection(ProjectDependencies) = postProject
		{BBD19652-538E-4AC6-93B9-44B5060C5922} = {BBD19652-538E-4AC6-93B9-44B5060C5922}
	EndProjectSection
EndProject
Global
	GlobalSection(SolutionConfigurationPlatforms) = preSolution
		Debug_dll|x64 = Debug_dll|x64
		Debug_dll|x86 = Debug_dll|x86
		Debug|x64 = Debug|x64
		Debug|x86 = Debug|x86
		LTCG|x64 = LTCG|x64
		LTCG|x86 = LTCG|x86
		RDebug|x64 = RDebug|x64
		RDebug|x86 = RDebug|x86
		Release_dll|x64 = Release_dll|x64
		Release_dll|x86 = Release_dll|x86
		Release_FastCap|x64 = Release_FastCap|x64
		Release_FastCap|x86 = Release_FastCap|x86
		Release_i|x64 = Release_i|x64
		Release_i|x86 = Release_i|x86
		Release|x64 = Release|x64
		Release|x86 = Release|x86
		RESLISTGEN|x64 = RESLISTGEN|x64
		RESLISTGEN|x86 = RESLISTGEN|x86
		RETAIL|x64 = RETAIL|x64
		RETAIL|x86 = RETAIL|x86
	EndGlobalSection
	GlobalSection(ProjectConfigurationPlatforms) = postSolution
		{BBD19652-538E-4AC6-93B9-44B5060C5922}.Debug_dll|x64.ActiveCfg = Debug_dll|x64
		{BBD19652-538E-4AC6-93B9-44B5060C5922}.Debug_dll|x64.Build.0 = Debug_dll|x64
		{BBD19652-538E-4AC6-93B9-44B5060C5922}.Debug_dll|x86.ActiveCfg = Debug_dll|Win32
		{BBD19652-538E-4AC6-93B9-44B5060C5922}.Debug_dll|x86.Build.0 = Debug_dll|Win32
		{BBD19652-538E-4AC6-93B9-44B5060C5922}.Debug|x64.ActiveCfg = Debug|x64
		{BBD19652-538E-4AC6-93B9-44B5060C5922}.Debug|x64.Build.0 = Debug|x64
		{BBD19652-538E-4AC6-93B9-44B5060C5922}.Debug|x86.ActiveCfg = Debug|Win32
		{BBD19652-538E-4AC6-93B9-44B5060C5922}.Debug|x86.Build.0 = Debug|Win32
		{BBD19652-538E-4AC6-93B9-44B5060C5922}.LTCG|x64.ActiveCfg = LTCG|x64
		{BBD19652-538E-4AC6-93B9-44B5060C5922}.LTCG|x64.Build.0 = LTCG|x64
		{BBD19652-538E-4AC6-93B9-44B5060C5922}.LTCG|x86.ActiveCfg = LTCG|Win32
		{BBD19652-538E-4AC6-93B9-44B5060C5922}.LTCG|x86.Build.0 = LTCG|Win32
		{BBD19652-538E-4AC6-93B9-44B5060C5922}.RDebug|x64.ActiveCfg = RDebug|x64
		{BBD19652-538E-4AC6-93B9-44B5060C5922}.RDebug|x64.Build.0 = RDebug|x64
		{BBD19652-538E-4AC6-93B9-44B5060C5922}.RDebug|x86.ActiveCfg = RDebug|Win32
		{BBD19652-538E-4AC6-93B9-44B5060C5922}.RDebug|x86.Build.0 = RDebug|Win32
		{BBD19652-538E-4AC6-93B9-44B5060C5922}.Release_dll|x64.ActiveCfg = Release_dll|x64
		{BBD19652-538E-4AC6-93B9-44B5060C5922}.Release_dll|x64.Build.0 = Release_dll|x64
		{BBD19652-538E-4AC6-93B9-44B5060C5922}.Release_dll|x86.ActiveCfg = Release_dll|Win32
		{BBD19652-538E-4AC6-93B9-44B5060C5922}.Release_dll|x86.Build.0 = Release_dll|Win32
		{BBD19652-538E-4AC6-93B9-44B5060C5922}.Release_FastCap|x64.ActiveCfg = Release_FastCap|x64
		{BBD19652-538E-4AC6-93B9-44B5060C5922}.Release_FastCap|x64.Build.0 = Release_FastCap|x64
		{BBD19652-538E-4AC6-93B9-44B5060C5922}.Release_FastCap|x86.ActiveCfg = Release_FastCap|Win32
		{BBD19652-538E-4AC6-93B9-44B5060C5922}.Release_FastCap|x86.Build.0 = Release_FastCap|Win32
		{BBD19652-538E-4AC6-93B9-44B5060C5922}.Release_i|x64.ActiveCfg = Release_i|x64
		{BBD19652-538E-4AC6-93B9-44B5060C5922}.Release_i|x64.Build.0 = Release_i|x64
		{BBD19652-538E-4AC6-93B9-44B5060C5922}.Release_i|x86.ActiveCfg = Release_i|Win32
		{BBD19652-538E-4AC6-93B9-44B5060C5922}.Release_i|x86.Build.0 = Release_i|Win32
		{BBD19652-538E-4AC6-93B9-44B5060C5922}.Release|x64.ActiveCfg = Release|x64
		{BBD19652-538E-4AC6-93B9-44B5060C5922}.Release|x64.Build.0 = Release|x64
		{BBD19652-538E-4AC6-93B9-44B5060C5922}.Release|x86.ActiveCfg = Release|Win32
		{BBD19652-538E-4AC6-93B9-44B5060C5922}.Release|x86.Build.0 = Release|Win32
		{BBD19652-538E-4AC6-93B9-44B5060C5922}.RESLISTGEN|x64.ActiveCfg = RESLISTGEN|x64
		{BBD19652-538E-4AC6-93B9-44B5060C5922}.RESLISTGEN|x64.Build.0 = RESLISTGEN|x64
		{BBD19652-538E-4AC6-93B9-44B5060C5922}.RESLISTGEN|x86.ActiveCfg = RESLISTGEN|Win32
		{BBD19652-538E-4AC6-93B9-44B5060C5922}.RESLISTGEN|x86.Build.0 = RESLISTGEN|Win32
		{BBD19652-538E-4AC6-93B9-44B5060C5922}.RETAIL|x64.ActiveCfg = RETAIL|x64
		{BBD19652-538E-4AC6-93B9-44B5060C5922}.RETAIL|x64.Build.0 = RETAIL|x64
		{BBD19652-538E-4AC6-93B9-44B5060C5922}.RETAIL|x86.ActiveCfg = RETAIL|Win32
		{BBD19652-538E-4AC6-93B9-44B5060C5922}.RETAIL|x86.Build.0 = RETAIL|Win32
		{D2539204-1815-4AF6-8606-A6DBF1AF7E0B}.Debug_dll|x64.ActiveCfg = Debug|x64
		{D2539204-1815-4AF6-8606-A6DBF1AF7E0B}.Debug_dll|x64.Build.0 = Debug|x64
		{D2539204-1815-4AF6-8606-A6DBF1AF7E0B}.Debug_dll|x86.ActiveCfg = Debug|Win32
		{D2539204-1815-4AF6-8606-A6DBF1AF7E0B}.Debug_dll|x86.Build.0 = Debug|Win32
		{D2539204-1815-4AF6-8606-A6DBF1AF7E0B}.Debug|x64.ActiveCfg = Debug|x64
		{D2539204-1815-4AF6-8606-A6DBF1AF7E0B}.Debug|x64.Build.0 = Debug|x64
		{D2539204-1815-4AF6-8606-A6DBF1AF7E0B}.Debug|x86.ActiveCfg = Debug|Win32
		{D2539204-1815-4AF6-8606-A6DBF1AF7E0B}.Debug|x86.Build.0 = Debug|Win32
		{D2539204-1815-4AF6-8606-A6DBF1AF7E0B}.LTCG|x64.ActiveCfg = LTCG|x64
		{D2539204-1815-4AF6-8606-A6DBF1AF7E0B}.LTCG|x64.Build.0 = LTCG|x64
		{D2539204-1815-4AF6-8606-A6DBF1AF7E0B}.LTCG|x86.ActiveCfg = LTCG|Win32
		{D2539204-1815-4AF6-8606-A6DBF1AF7E0B}.LTCG|x86.Build.0 = LTCG|Win32
		{D2539204-1815-4AF6-8606-A6DBF1AF7E0B}.RDebug|x64.ActiveCfg = RDebug|x64
		{D2539204-1815-4AF6-8606-A6DBF1AF7E0B}.RDebug|x64.Build.0 = RDebug|x64
		{D2539204-1815-4AF6-8606-A6DBF1AF7E0B}.RDebug|x86.ActiveCfg = RDebug|Win32
		{D2539204-1815-4AF6-8606-A6DBF1AF7E0B}.RDebug|x86.Build.0 = RDebug|Win32
		{D2539204-1815-4AF6-8606-A6DBF1AF7E0B}.Release_dll|x64.ActiveCfg = Release_FastCap|x64
		{D2539204-1815-4AF6-8606-A6DBF1AF7E0B}.Release_dll|x64.Build.0 = Release_FastCap|x64
		{D2539204-1815-4AF6-8606-A6DBF1AF7E0B}.Release_dll|x86.ActiveCfg = Release_FastCap|Win32
		{D2539204-1815-4AF6-8606-A6DBF1AF7E0B}.Release_dll|x86.Build.0 = Release_FastCap|Win32
		{D2539204-1815-4AF6-8606-A6DBF1AF7E0B}.Release_FastCap|x64.ActiveCfg = Release_FastCap|x64
		{D2539204-1815-4AF6-8606-A6DBF1AF7E0B}.Release_FastCap|x64.Build.0 = Release_FastCap|x64
		{D2539204-1815-4AF6-8606-A6DBF1AF7E0B}.Release_FastCap|x86.ActiveCfg = Release_FastCap|Win32
		{D2539204-1815-4AF6-8606-A6DBF1AF7E0B}.Release_FastCap|x86.Build.0 = Release_FastCap|Win32
		{D2539204-1815-4AF6-8606-A6DBF1AF7E0B}.Release_i|x64.ActiveCfg = Release_i|x64
		{D2539204-1815-4AF6-8606-A6DBF1AF7E0B}.Release_i|x64.Build.0 = Release_i|x64
		{D2539204-1815-4AF6-8606-A6DBF1AF7E0B}.Release_i|x86.ActiveCfg = Release_i|Win32
		{D2539204-1815-4AF6-8606-A6DBF1AF7E0B}.Release_i|x86.Build.0 = Release_i|Win32
		{D2539204-1815-4AF6-8606-A6DBF1AF7E0B}.Release|x64.ActiveCfg = Release|x64
		{D2539204-1815-4AF6-8606-A6DBF1AF7E0B}.Release|x64.Build.0 = Release|x64
		{D2539204-1815-4AF6-8606-A6DBF1AF7E0B}.Release|x86.ActiveCfg = Release|Win32
		{D2539204-1815-4AF6-8606-A6DBF1AF7E0B}.Release|x86.Build.0 = Release|Win32
		{D2539204-1815-4AF6-8606-A6DBF1AF7E0B}.RESLISTGEN|x64.ActiveCfg = RESLISTGEN|x64
		{D2539204-1815-4AF6-8606-A6DBF1AF7E0B}.RESLISTGEN|x64.Build.0 = RESLISTGEN|x64
		{D2539204-1815-4AF6-8606-A6DBF1AF7E0B}.RESLISTGEN|x86.ActiveCfg = RESLISTGEN|Win32
		{D2539204-1815-4AF6-8606-A6DBF1AF7E0B}.RESLISTGEN|x86.Build.0 = RESLISTGEN|Win32
		{D2539204-1815-4AF6-8606-A6DBF1AF7E0B}.RETAIL|x64.ActiveCfg = RETAIL|x64
		{D2539204-1815-4AF6-8606-A6DBF1AF7E0B}.RETAIL|x64.Build.0 = RETAIL|x64
		{D2539204-1815-4AF6-8606-A6DBF1AF7E0B}.RETAIL|x86.ActiveCfg = RETAIL|Win32
		{D2539204-1815-4AF6-8606-A6DBF1AF7E0B}.RETAIL|x86.Build.0 = RETAIL|Win32
	EndGlobalSection
	GlobalSection(SolutionProperties) = preSolution
		HideSolutionNode = FALSE
	EndGlobalSection
	GlobalSection(ExtensibilityGlobals) = postSolution
		SolutionGuid = {3FA3A472-F079-4B41-ABB9-0FDAB0C1B3DE}
	EndGlobalSection
EndGlobal
